// !$*UTF8*$!
{
	archiveVersion = 1;
	classes = {
	};
	objectVersion = 46;
	objects = {

/* Begin PBXBuildFile section */
		36C2988C640C7BF769559278 /* Pods_WeatherOrNot.framework in Frameworks */ = {isa = PBXBuildFile; fileRef = 8FEEDA6B21A716B7ADA8D485 /* Pods_WeatherOrNot.framework */; };
		A61C72F91EFEB7CC00C0ED40 /* WeatherModel.swift in Sources */ = {isa = PBXBuildFile; fileRef = A61C72F61EFEB7CC00C0ED40 /* WeatherModel.swift */; };
		A61C72FA1EFEB7CC00C0ED40 /* ClothesModel.swift in Sources */ = {isa = PBXBuildFile; fileRef = A61C72F71EFEB7CC00C0ED40 /* ClothesModel.swift */; };
		A61C72FB1EFEB7CC00C0ED40 /* UserModel.swift in Sources */ = {isa = PBXBuildFile; fileRef = A61C72F81EFEB7CC00C0ED40 /* UserModel.swift */; };
		A61C72FD1EFEB7DA00C0ED40 /* StyleManager.swift in Sources */ = {isa = PBXBuildFile; fileRef = A61C72FC1EFEB7DA00C0ED40 /* StyleManager.swift */; };
		A61C73101F0018ED00C0ED40 /* ScrollableTableViewCell.swift in Sources */ = {isa = PBXBuildFile; fileRef = A61C730F1F0018ED00C0ED40 /* ScrollableTableViewCell.swift */; };
		A61C73131F003DD300C0ED40 /* LongTableViewCell.swift in Sources */ = {isa = PBXBuildFile; fileRef = A61C73121F003DD300C0ED40 /* LongTableViewCell.swift */; };
		A61C73151F00721700C0ED40 /* MainHeaderView.swift in Sources */ = {isa = PBXBuildFile; fileRef = A61C73141F00721700C0ED40 /* MainHeaderView.swift */; };
		A61C73171F007CE300C0ED40 /* WeatherToImageIcon.swift in Sources */ = {isa = PBXBuildFile; fileRef = A61C73161F007CE300C0ED40 /* WeatherToImageIcon.swift */; };
		A61C73191F011D3A00C0ED40 /* WeatherPageViewController.swift in Sources */ = {isa = PBXBuildFile; fileRef = A61C73181F011D3A00C0ED40 /* WeatherPageViewController.swift */; };
		A6D8D4ED1F081027007AAFAC /* NetworkHandler.swift in Sources */ = {isa = PBXBuildFile; fileRef = A6D8D4EC1F081027007AAFAC /* NetworkHandler.swift */; };
		A6D8D4EF1F087067007AAFAC /* WeatherCache.swift in Sources */ = {isa = PBXBuildFile; fileRef = A6D8D4EE1F087067007AAFAC /* WeatherCache.swift */; };
		A6D8D4F11F0B2509007AAFAC /* ForecastWeather.swift in Sources */ = {isa = PBXBuildFile; fileRef = A6D8D4F01F0B2508007AAFAC /* ForecastWeather.swift */; };
		BF26EEC71EF180A300993B8E /* AppDelegate.swift in Sources */ = {isa = PBXBuildFile; fileRef = BF26EEC61EF180A300993B8E /* AppDelegate.swift */; };
		BF26EEC91EF180A300993B8E /* ViewController.swift in Sources */ = {isa = PBXBuildFile; fileRef = BF26EEC81EF180A300993B8E /* ViewController.swift */; };
		BF26EECE1EF180A300993B8E /* Assets.xcassets in Resources */ = {isa = PBXBuildFile; fileRef = BF26EECD1EF180A300993B8E /* Assets.xcassets */; };
		BF26EED11EF180A300993B8E /* LaunchScreen.storyboard in Resources */ = {isa = PBXBuildFile; fileRef = BF26EECF1EF180A300993B8E /* LaunchScreen.storyboard */; };
		BF6A5F951EF185480084F26B /* CoreTabBarViewController.swift in Sources */ = {isa = PBXBuildFile; fileRef = BF6A5F941EF185480084F26B /* CoreTabBarViewController.swift */; };
		BF974B1A1EF1883500793F26 /* CoreNavViewController.swift in Sources */ = {isa = PBXBuildFile; fileRef = BF974B191EF1883500793F26 /* CoreNavViewController.swift */; };
		BF974B1C1EF1926000793F26 /* SecondViewController.swift in Sources */ = {isa = PBXBuildFile; fileRef = BF974B1B1EF1926000793F26 /* SecondViewController.swift */; };
/* End PBXBuildFile section */

/* Begin PBXFileReference section */
		1680A55CA2DD6B58236F2EB1 /* Pods-WeatherOrNot.debug.xcconfig */ = {isa = PBXFileReference; includeInIndex = 1; lastKnownFileType = text.xcconfig; name = "Pods-WeatherOrNot.debug.xcconfig"; path = "Pods/Target Support Files/Pods-WeatherOrNot/Pods-WeatherOrNot.debug.xcconfig"; sourceTree = "<group>"; };
		8FEEDA6B21A716B7ADA8D485 /* Pods_WeatherOrNot.framework */ = {isa = PBXFileReference; explicitFileType = wrapper.framework; includeInIndex = 0; path = Pods_WeatherOrNot.framework; sourceTree = BUILT_PRODUCTS_DIR; };
		A61C72F61EFEB7CC00C0ED40 /* WeatherModel.swift */ = {isa = PBXFileReference; fileEncoding = 4; lastKnownFileType = sourcecode.swift; path = WeatherModel.swift; sourceTree = "<group>"; };
		A61C72F71EFEB7CC00C0ED40 /* ClothesModel.swift */ = {isa = PBXFileReference; fileEncoding = 4; lastKnownFileType = sourcecode.swift; path = ClothesModel.swift; sourceTree = "<group>"; };
		A61C72F81EFEB7CC00C0ED40 /* UserModel.swift */ = {isa = PBXFileReference; fileEncoding = 4; lastKnownFileType = sourcecode.swift; path = UserModel.swift; sourceTree = "<group>"; };
		A61C72FC1EFEB7DA00C0ED40 /* StyleManager.swift */ = {isa = PBXFileReference; fileEncoding = 4; lastKnownFileType = sourcecode.swift; path = StyleManager.swift; sourceTree = "<group>"; };
		A61C730F1F0018ED00C0ED40 /* ScrollableTableViewCell.swift */ = {isa = PBXFileReference; fileEncoding = 4; lastKnownFileType = sourcecode.swift; path = ScrollableTableViewCell.swift; sourceTree = "<group>"; };
		A61C73121F003DD300C0ED40 /* LongTableViewCell.swift */ = {isa = PBXFileReference; fileEncoding = 4; lastKnownFileType = sourcecode.swift; path = LongTableViewCell.swift; sourceTree = "<group>"; };
		A61C73141F00721700C0ED40 /* MainHeaderView.swift */ = {isa = PBXFileReference; fileEncoding = 4; lastKnownFileType = sourcecode.swift; path = MainHeaderView.swift; sourceTree = "<group>"; };
		A61C73161F007CE300C0ED40 /* WeatherToImageIcon.swift */ = {isa = PBXFileReference; fileEncoding = 4; lastKnownFileType = sourcecode.swift; path = WeatherToImageIcon.swift; sourceTree = "<group>"; };
		A61C73181F011D3A00C0ED40 /* WeatherPageViewController.swift */ = {isa = PBXFileReference; fileEncoding = 4; lastKnownFileType = sourcecode.swift; path = WeatherPageViewController.swift; sourceTree = "<group>"; };
		A6D8D4EC1F081027007AAFAC /* NetworkHandler.swift */ = {isa = PBXFileReference; fileEncoding = 4; lastKnownFileType = sourcecode.swift; path = NetworkHandler.swift; sourceTree = "<group>"; };
		A6D8D4EE1F087067007AAFAC /* WeatherCache.swift */ = {isa = PBXFileReference; fileEncoding = 4; lastKnownFileType = sourcecode.swift; path = WeatherCache.swift; sourceTree = "<group>"; };
		A6D8D4F01F0B2508007AAFAC /* ForecastWeather.swift */ = {isa = PBXFileReference; fileEncoding = 4; lastKnownFileType = sourcecode.swift; path = ForecastWeather.swift; sourceTree = "<group>"; };
		BF26EEC31EF180A300993B8E /* WeatherOrNot.app */ = {isa = PBXFileReference; explicitFileType = wrapper.application; includeInIndex = 0; path = WeatherOrNot.app; sourceTree = BUILT_PRODUCTS_DIR; };
		BF26EEC61EF180A300993B8E /* AppDelegate.swift */ = {isa = PBXFileReference; lastKnownFileType = sourcecode.swift; path = AppDelegate.swift; sourceTree = "<group>"; };
		BF26EEC81EF180A300993B8E /* ViewController.swift */ = {isa = PBXFileReference; lastKnownFileType = sourcecode.swift; path = ViewController.swift; sourceTree = "<group>"; };
		BF26EECD1EF180A300993B8E /* Assets.xcassets */ = {isa = PBXFileReference; lastKnownFileType = folder.assetcatalog; path = Assets.xcassets; sourceTree = "<group>"; };
		BF26EED01EF180A300993B8E /* Base */ = {isa = PBXFileReference; lastKnownFileType = file.storyboard; name = Base; path = Base.lproj/LaunchScreen.storyboard; sourceTree = "<group>"; };
		BF26EED21EF180A300993B8E /* Info.plist */ = {isa = PBXFileReference; lastKnownFileType = text.plist.xml; path = Info.plist; sourceTree = "<group>"; };
		BF6A5F941EF185480084F26B /* CoreTabBarViewController.swift */ = {isa = PBXFileReference; fileEncoding = 4; lastKnownFileType = sourcecode.swift; name = CoreTabBarViewController.swift; path = ../CoreTabBarViewController.swift; sourceTree = "<group>"; };
		BF974B191EF1883500793F26 /* CoreNavViewController.swift */ = {isa = PBXFileReference; fileEncoding = 4; lastKnownFileType = sourcecode.swift; name = CoreNavViewController.swift; path = ../CoreNavViewController.swift; sourceTree = "<group>"; };
		BF974B1B1EF1926000793F26 /* SecondViewController.swift */ = {isa = PBXFileReference; fileEncoding = 4; lastKnownFileType = sourcecode.swift; name = SecondViewController.swift; path = ../SecondViewController.swift; sourceTree = "<group>"; };
		D92E486E9B09285EDD1EA692 /* Pods-WeatherOrNot.release.xcconfig */ = {isa = PBXFileReference; includeInIndex = 1; lastKnownFileType = text.xcconfig; name = "Pods-WeatherOrNot.release.xcconfig"; path = "Pods/Target Support Files/Pods-WeatherOrNot/Pods-WeatherOrNot.release.xcconfig"; sourceTree = "<group>"; };
/* End PBXFileReference section */

/* Begin PBXFrameworksBuildPhase section */
		BF26EEC01EF180A300993B8E /* Frameworks */ = {
			isa = PBXFrameworksBuildPhase;
			buildActionMask = 2147483647;
			files = (
				36C2988C640C7BF769559278 /* Pods_WeatherOrNot.framework in Frameworks */,
			);
			runOnlyForDeploymentPostprocessing = 0;
		};
/* End PBXFrameworksBuildPhase section */

/* Begin PBXGroup section */
		677A54058F18A062B9876388 /* Pods */ = {
			isa = PBXGroup;
			children = (
				1680A55CA2DD6B58236F2EB1 /* Pods-WeatherOrNot.debug.xcconfig */,
				D92E486E9B09285EDD1EA692 /* Pods-WeatherOrNot.release.xcconfig */,
			);
			name = Pods;
			sourceTree = "<group>";
		};
		78894C011756AD09C163DFF0 /* Frameworks */ = {
			isa = PBXGroup;
			children = (
				8FEEDA6B21A716B7ADA8D485 /* Pods_WeatherOrNot.framework */,
			);
			name = Frameworks;
			sourceTree = "<group>";
		};
		A61C72F31EFEB6E100C0ED40 /* UI */ = {
			isa = PBXGroup;
			children = (
				A61C73111F003D5700C0ED40 /* TableViewCells */,
				BF974B191EF1883500793F26 /* CoreNavViewController.swift */,
				BF6A5F941EF185480084F26B /* CoreTabBarViewController.swift */,
				BF974B1B1EF1926000793F26 /* SecondViewController.swift */,
				BF26EEC81EF180A300993B8E /* ViewController.swift */,
				A61C73141F00721700C0ED40 /* MainHeaderView.swift */,
				A61C73181F011D3A00C0ED40 /* WeatherPageViewController.swift */,
			);
			name = UI;
			sourceTree = "<group>";
		};
		A61C72F51EFEB70600C0ED40 /* Models */ = {
			isa = PBXGroup;
			children = (
				A6D8D4F01F0B2508007AAFAC /* ForecastWeather.swift */,
				A61C72F61EFEB7CC00C0ED40 /* WeatherModel.swift */,
				A61C73161F007CE300C0ED40 /* WeatherToImageIcon.swift */,
				A61C72F71EFEB7CC00C0ED40 /* ClothesModel.swift */,
				A61C72F81EFEB7CC00C0ED40 /* UserModel.swift */,
			);
			name = Models;
			sourceTree = "<group>";
		};
		A61C72FE1EFEB81E00C0ED40 /* Controllers */ = {
			isa = PBXGroup;
			children = (
				A61C72FC1EFEB7DA00C0ED40 /* StyleManager.swift */,
				A6D8D4EC1F081027007AAFAC /* NetworkHandler.swift */,
				A6D8D4EE1F087067007AAFAC /* WeatherCache.swift */,
			);
			name = Controllers;
			sourceTree = "<group>";
		};
		A61C72FF1EFF61C500C0ED40 /* hmm */ = {
			isa = PBXGroup;
			children = (
			);
			name = hmm;
			sourceTree = "<group>";
		};
		A61C73111F003D5700C0ED40 /* TableViewCells */ = {
			isa = PBXGroup;
			children = (
				A61C730F1F0018ED00C0ED40 /* ScrollableTableViewCell.swift */,
				A61C73121F003DD300C0ED40 /* LongTableViewCell.swift */,
			);
			name = TableViewCells;
			sourceTree = "<group>";
		};
		BF26EEBA1EF180A300993B8E = {
			isa = PBXGroup;
			children = (
				BF26EEC51EF180A300993B8E /* WeatherOrNot */,
				BF26EEC41EF180A300993B8E /* Products */,
				677A54058F18A062B9876388 /* Pods */,
				78894C011756AD09C163DFF0 /* Frameworks */,
			);
			sourceTree = "<group>";
		};
		BF26EEC41EF180A300993B8E /* Products */ = {
			isa = PBXGroup;
			children = (
				BF26EEC31EF180A300993B8E /* WeatherOrNot.app */,
			);
			name = Products;
			sourceTree = "<group>";
		};
		BF26EEC51EF180A300993B8E /* WeatherOrNot */ = {
			isa = PBXGroup;
			children = (
				A61C72FF1EFF61C500C0ED40 /* hmm */,
				A61C72FE1EFEB81E00C0ED40 /* Controllers */,
				BF26EEC61EF180A300993B8E /* AppDelegate.swift */,
				A61C72F51EFEB70600C0ED40 /* Models */,
				A61C72F31EFEB6E100C0ED40 /* UI */,
				BF26EECD1EF180A300993B8E /* Assets.xcassets */,
				BF26EECF1EF180A300993B8E /* LaunchScreen.storyboard */,
				BF26EED21EF180A300993B8E /* Info.plist */,
			);
			path = WeatherOrNot;
			sourceTree = "<group>";
		};
/* End PBXGroup section */

/* Begin PBXNativeTarget section */
		BF26EEC21EF180A300993B8E /* WeatherOrNot */ = {
			isa = PBXNativeTarget;
			buildConfigurationList = BF26EED51EF180A300993B8E /* Build configuration list for PBXNativeTarget "WeatherOrNot" */;
			buildPhases = (
				D9862FABCDE12658BBCF245E /* [CP] Check Pods Manifest.lock */,
				BF26EEBF1EF180A300993B8E /* Sources */,
				BF26EEC01EF180A300993B8E /* Frameworks */,
				BF26EEC11EF180A300993B8E /* Resources */,
				EA1AE43A330C4A102050FA9A /* [CP] Embed Pods Frameworks */,
				A2846E3718C6FBA2533E5E8B /* [CP] Copy Pods Resources */,
			);
			buildRules = (
			);
			dependencies = (
			);
			name = WeatherOrNot;
			productName = WeatherOrNot;
			productReference = BF26EEC31EF180A300993B8E /* WeatherOrNot.app */;
			productType = "com.apple.product-type.application";
		};
/* End PBXNativeTarget section */

/* Begin PBXProject section */
		BF26EEBB1EF180A300993B8E /* Project object */ = {
			isa = PBXProject;
			attributes = {
				LastSwiftUpdateCheck = 0830;
				LastUpgradeCheck = 0830;
				ORGANIZATIONNAME = "Remigio, Kevin (Contractor)";
				TargetAttributes = {
					BF26EEC21EF180A300993B8E = {
						CreatedOnToolsVersion = 8.3.2;
						DevelopmentTeam = F7GY35J799;
						ProvisioningStyle = Automatic;
					};
				};
			};
			buildConfigurationList = BF26EEBE1EF180A300993B8E /* Build configuration list for PBXProject "WeatherOrNot" */;
			compatibilityVersion = "Xcode 3.2";
			developmentRegion = English;
			hasScannedForEncodings = 0;
			knownRegions = (
				en,
				Base,
			);
			mainGroup = BF26EEBA1EF180A300993B8E;
			productRefGroup = BF26EEC41EF180A300993B8E /* Products */;
			projectDirPath = "";
			projectRoot = "";
			targets = (
				BF26EEC21EF180A300993B8E /* WeatherOrNot */,
			);
		};
/* End PBXProject section */

/* Begin PBXResourcesBuildPhase section */
		BF26EEC11EF180A300993B8E /* Resources */ = {
			isa = PBXResourcesBuildPhase;
			buildActionMask = 2147483647;
			files = (
				BF26EED11EF180A300993B8E /* LaunchScreen.storyboard in Resources */,
				BF26EECE1EF180A300993B8E /* Assets.xcassets in Resources */,
			);
			runOnlyForDeploymentPostprocessing = 0;
		};
/* End PBXResourcesBuildPhase section */

/* Begin PBXShellScriptBuildPhase section */
		A2846E3718C6FBA2533E5E8B /* [CP] Copy Pods Resources */ = {
			isa = PBXShellScriptBuildPhase;
			buildActionMask = 2147483647;
			files = (
			);
			inputPaths = (
			);
			name = "[CP] Copy Pods Resources";
			outputPaths = (
			);
			runOnlyForDeploymentPostprocessing = 0;
			shellPath = /bin/sh;
			shellScript = "\"${SRCROOT}/Pods/Target Support Files/Pods-WeatherOrNot/Pods-WeatherOrNot-resources.sh\"\n";
			showEnvVarsInLog = 0;
		};
		D9862FABCDE12658BBCF245E /* [CP] Check Pods Manifest.lock */ = {
			isa = PBXShellScriptBuildPhase;
			buildActionMask = 2147483647;
			files = (
			);
			inputPaths = (
			);
			name = "[CP] Check Pods Manifest.lock";
			outputPaths = (
			);
			runOnlyForDeploymentPostprocessing = 0;
			shellPath = /bin/sh;
			shellScript = "diff \"${PODS_ROOT}/../Podfile.lock\" \"${PODS_ROOT}/Manifest.lock\" > /dev/null\nif [[ $? != 0 ]] ; then\n    cat << EOM\nerror: The sandbox is not in sync with the Podfile.lock. Run 'pod install' or update your CocoaPods installation.\nEOM\n    exit 1\nfi\n";
			showEnvVarsInLog = 0;
		};
		EA1AE43A330C4A102050FA9A /* [CP] Embed Pods Frameworks */ = {
			isa = PBXShellScriptBuildPhase;
			buildActionMask = 2147483647;
			files = (
			);
			inputPaths = (
			);
			name = "[CP] Embed Pods Frameworks";
			outputPaths = (
			);
			runOnlyForDeploymentPostprocessing = 0;
			shellPath = /bin/sh;
			shellScript = "\"${SRCROOT}/Pods/Target Support Files/Pods-WeatherOrNot/Pods-WeatherOrNot-frameworks.sh\"\n";
			showEnvVarsInLog = 0;
		};
/* End PBXShellScriptBuildPhase section */

/* Begin PBXSourcesBuildPhase section */
		BF26EEBF1EF180A300993B8E /* Sources */ = {
			isa = PBXSourcesBuildPhase;
			buildActionMask = 2147483647;
			files = (
				BF26EEC91EF180A300993B8E /* ViewController.swift in Sources */,
				A6D8D4EF1F087067007AAFAC /* WeatherCache.swift in Sources */,
				A6D8D4F11F0B2509007AAFAC /* ForecastWeather.swift in Sources */,
				BF26EEC71EF180A300993B8E /* AppDelegate.swift in Sources */,
				A61C72FD1EFEB7DA00C0ED40 /* StyleManager.swift in Sources */,
				A61C72FB1EFEB7CC00C0ED40 /* UserModel.swift in Sources */,
				A61C73171F007CE300C0ED40 /* WeatherToImageIcon.swift in Sources */,
				A61C73151F00721700C0ED40 /* MainHeaderView.swift in Sources */,
				A61C73191F011D3A00C0ED40 /* WeatherPageViewController.swift in Sources */,
				A61C73131F003DD300C0ED40 /* LongTableViewCell.swift in Sources */,
				A6D8D4ED1F081027007AAFAC /* NetworkHandler.swift in Sources */,
				A61C72FA1EFEB7CC00C0ED40 /* ClothesModel.swift in Sources */,
				BF6A5F951EF185480084F26B /* CoreTabBarViewController.swift in Sources */,
				BF974B1C1EF1926000793F26 /* SecondViewController.swift in Sources */,
				A61C72F91EFEB7CC00C0ED40 /* WeatherModel.swift in Sources */,
				A61C73101F0018ED00C0ED40 /* ScrollableTableViewCell.swift in Sources */,
				BF974B1A1EF1883500793F26 /* CoreNavViewController.swift in Sources */,
			);
			runOnlyForDeploymentPostprocessing = 0;
		};
/* End PBXSourcesBuildPhase section */

/* Begin PBXVariantGroup section */
		BF26EECF1EF180A300993B8E /* LaunchScreen.storyboard */ = {
			isa = PBXVariantGroup;
			children = (
				BF26EED01EF180A300993B8E /* Base */,
			);
			name = LaunchScreen.storyboard;
			sourceTree = "<group>";
		};
/* End PBXVariantGroup section */

/* Begin XCBuildConfiguration section */
		BF26EED31EF180A300993B8E /* Debug */ = {
			isa = XCBuildConfiguration;
			buildSettings = {
				ALWAYS_SEARCH_USER_PATHS = NO;
				CLANG_ANALYZER_NONNULL = YES;
				CLANG_ANALYZER_NUMBER_OBJECT_CONVERSION = YES_AGGRESSIVE;
				CLANG_CXX_LANGUAGE_STANDARD = "gnu++0x";
				CLANG_CXX_LIBRARY = "libc++";
				CLANG_ENABLE_MODULES = YES;
				CLANG_ENABLE_OBJC_ARC = YES;
				CLANG_WARN_BOOL_CONVERSION = YES;
				CLANG_WARN_CONSTANT_CONVERSION = YES;
				CLANG_WARN_DIRECT_OBJC_ISA_USAGE = YES_ERROR;
				CLANG_WARN_DOCUMENTATION_COMMENTS = YES;
				CLANG_WARN_EMPTY_BODY = YES;
				CLANG_WARN_ENUM_CONVERSION = YES;
				CLANG_WARN_INFINITE_RECURSION = YES;
				CLANG_WARN_INT_CONVERSION = YES;
				CLANG_WARN_OBJC_ROOT_CLASS = YES_ERROR;
				CLANG_WARN_SUSPICIOUS_MOVE = YES;
				CLANG_WARN_UNREACHABLE_CODE = YES;
				CLANG_WARN__DUPLICATE_METHOD_MATCH = YES;
				"CODE_SIGN_IDENTITY[sdk=iphoneos*]" = "iPhone Developer";
				COPY_PHASE_STRIP = NO;
				DEBUG_INFORMATION_FORMAT = dwarf;
				ENABLE_STRICT_OBJC_MSGSEND = YES;
				ENABLE_TESTABILITY = YES;
				GCC_C_LANGUAGE_STANDARD = gnu99;
				GCC_DYNAMIC_NO_PIC = NO;
				GCC_NO_COMMON_BLOCKS = YES;
				GCC_OPTIMIZATION_LEVEL = 0;
				GCC_PREPROCESSOR_DEFINITIONS = (
					"DEBUG=1",
					"$(inherited)",
				);
				GCC_WARN_64_TO_32_BIT_CONVERSION = YES;
				GCC_WARN_ABOUT_RETURN_TYPE = YES_ERROR;
				GCC_WARN_UNDECLARED_SELECTOR = YES;
				GCC_WARN_UNINITIALIZED_AUTOS = YES_AGGRESSIVE;
				GCC_WARN_UNUSED_FUNCTION = YES;
				GCC_WARN_UNUSED_VARIABLE = YES;
				IPHONEOS_DEPLOYMENT_TARGET = 10.1;
				MTL_ENABLE_DEBUG_INFO = YES;
				ONLY_ACTIVE_ARCH = YES;
				SDKROOT = iphoneos;
				SWIFT_ACTIVE_COMPILATION_CONDITIONS = DEBUG;
				SWIFT_OPTIMIZATION_LEVEL = "-Onone";
				SWIFT_VERSION = 3.0.1;
				TARGETED_DEVICE_FAMILY = "1,2";
			};
			name = Debug;
		};
		BF26EED41EF180A300993B8E /* Release */ = {
			isa = XCBuildConfiguration;
			buildSettings = {
				ALWAYS_SEARCH_USER_PATHS = NO;
				CLANG_ANALYZER_NONNULL = YES;
				CLANG_ANALYZER_NUMBER_OBJECT_CONVERSION = YES_AGGRESSIVE;
				CLANG_CXX_LANGUAGE_STANDARD = "gnu++0x";
				CLANG_CXX_LIBRARY = "libc++";
				CLANG_ENABLE_MODULES = YES;
				CLANG_ENABLE_OBJC_ARC = YES;
				CLANG_WARN_BOOL_CONVERSION = YES;
				CLANG_WARN_CONSTANT_CONVERSION = YES;
				CLANG_WARN_DIRECT_OBJC_ISA_USAGE = YES_ERROR;
				CLANG_WARN_DOCUMENTATION_COMMENTS = YES;
				CLANG_WARN_EMPTY_BODY = YES;
				CLANG_WARN_ENUM_CONVERSION = YES;
				CLANG_WARN_INFINITE_RECURSION = YES;
				CLANG_WARN_INT_CONVERSION = YES;
				CLANG_WARN_OBJC_ROOT_CLASS = YES_ERROR;
				CLANG_WARN_SUSPICIOUS_MOVE = YES;
				CLANG_WARN_UNREACHABLE_CODE = YES;
				CLANG_WARN__DUPLICATE_METHOD_MATCH = YES;
				"CODE_SIGN_IDENTITY[sdk=iphoneos*]" = "iPhone Developer";
				COPY_PHASE_STRIP = NO;
				DEBUG_INFORMATION_FORMAT = "dwarf-with-dsym";
				ENABLE_NS_ASSERTIONS = NO;
				ENABLE_STRICT_OBJC_MSGSEND = YES;
				GCC_C_LANGUAGE_STANDARD = gnu99;
				GCC_NO_COMMON_BLOCKS = YES;
				GCC_WARN_64_TO_32_BIT_CONVERSION = YES;
				GCC_WARN_ABOUT_RETURN_TYPE = YES_ERROR;
				GCC_WARN_UNDECLARED_SELECTOR = YES;
				GCC_WARN_UNINITIALIZED_AUTOS = YES_AGGRESSIVE;
				GCC_WARN_UNUSED_FUNCTION = YES;
				GCC_WARN_UNUSED_VARIABLE = YES;
				IPHONEOS_DEPLOYMENT_TARGET = 10.1;
				MTL_ENABLE_DEBUG_INFO = NO;
				SDKROOT = iphoneos;
				SWIFT_OPTIMIZATION_LEVEL = "-Owholemodule";
				SWIFT_VERSION = 3.0.1;
				TARGETED_DEVICE_FAMILY = "1,2";
				VALIDATE_PRODUCT = YES;
			};
			name = Release;
		};
		BF26EED61EF180A300993B8E /* Debug */ = {
			isa = XCBuildConfiguration;
			baseConfigurationReference = 1680A55CA2DD6B58236F2EB1 /* Pods-WeatherOrNot.debug.xcconfig */;
			buildSettings = {
				ASSETCATALOG_COMPILER_APPICON_NAME = AppIcon;
				DEVELOPMENT_TEAM = F7GY35J799;
				INFOPLIST_FILE = WeatherOrNot/Info.plist;
				IPHONEOS_DEPLOYMENT_TARGET = 10.1;
				LD_RUNPATH_SEARCH_PATHS = "$(inherited) @executable_path/Frameworks";
				PRODUCT_BUNDLE_IDENTIFIER = kevin.WeatherOrNot;
				PRODUCT_NAME = "$(TARGET_NAME)";
				SWIFT_VERSION = 3.0.1;
			};
			name = Debug;
		};
		BF26EED71EF180A300993B8E /* Release */ = {
			isa = XCBuildConfiguration;
			baseConfigurationReference = D92E486E9B09285EDD1EA692 /* Pods-WeatherOrNot.release.xcconfig */;
			buildSettings = {
				ASSETCATALOG_COMPILER_APPICON_NAME = AppIcon;
				DEVELOPMENT_TEAM = F7GY35J799;
				INFOPLIST_FILE = WeatherOrNot/Info.plist;
				IPHONEOS_DEPLOYMENT_TARGET = 10.1;
				LD_RUNPATH_SEARCH_PATHS = "$(inherited) @executable_path/Frameworks";
				PRODUCT_BUNDLE_IDENTIFIER = kevin.WeatherOrNot;
				PRODUCT_NAME = "$(TARGET_NAME)";
				SWIFT_VERSION = 3.0.1;
			};
			name = Release;
		};
/* End XCBuildConfiguration section */

/* Begin XCConfigurationList section */
		BF26EEBE1EF180A300993B8E /* Build configuration list for PBXProject "WeatherOrNot" */ = {
			isa = XCConfigurationList;
			buildConfigurations = (
				BF26EED31EF180A300993B8E /* Debug */,
				BF26EED41EF180A300993B8E /* Release */,
			);
			defaultConfigurationIsVisible = 0;
			defaultConfigurationName = Release;
		};
		BF26EED51EF180A300993B8E /* Build configuration list for PBXNativeTarget "WeatherOrNot" */ = {
			isa = XCConfigurationList;
			buildConfigurations = (
				BF26EED61EF180A300993B8E /* Debug */,
				BF26EED71EF180A300993B8E /* Release */,
			);
			defaultConfigurationIsVisible = 0;
			defaultConfigurationName = Release;
		};
/* End XCConfigurationList section */
	};
	rootObject = BF26EEBB1EF180A300993B8E /* Project object */;
}
